// !$*UTF8*$!
{
	archiveVersion = 1;
	classes = {
	};
	objectVersion = 50;
	objects = {

/* Begin PBXBuildFile section */
		5E038A8323F5D66800C5EB5C /* AppStoreService.swift in Sources */ = {isa = PBXBuildFile; fileRef = 5EFD6D7E23F3253C00660F48 /* AppStoreService.swift */; };
		5E038A8423F5D6A900C5EB5C /* String+Extension.swift in Sources */ = {isa = PBXBuildFile; fileRef = 5EFD6D8123F3256100660F48 /* String+Extension.swift */; };
		5E038A8523F5D6B000C5EB5C /* Wishlist.xcdatamodeld in Sources */ = {isa = PBXBuildFile; fileRef = 5EBD891223F0BBEF008A5F5E /* Wishlist.xcdatamodeld */; };
		5E36B36523F9BEFC00016B25 /* CoreStack.swift in Sources */ = {isa = PBXBuildFile; fileRef = 5E36B36423F9BEFC00016B25 /* CoreStack.swift */; };
		5E36B36623F9BFC200016B25 /* CoreStack.swift in Sources */ = {isa = PBXBuildFile; fileRef = 5E36B36423F9BEFC00016B25 /* CoreStack.swift */; };
		5E36B36723FA140800016B25 /* CloudKit.framework in Frameworks */ = {isa = PBXBuildFile; fileRef = 5EBD892723F0BD43008A5F5E /* CloudKit.framework */; };
		5E36B36923FA1EF200016B25 /* AppPageView.swift in Sources */ = {isa = PBXBuildFile; fileRef = 5E36B36823FA1EF200016B25 /* AppPageView.swift */; };
		5E402E9023F611140083D5EF /* AppModel.swift in Sources */ = {isa = PBXBuildFile; fileRef = 5E402E8F23F611140083D5EF /* AppModel.swift */; };
		5E402E9123F6127D0083D5EF /* AppModel.swift in Sources */ = {isa = PBXBuildFile; fileRef = 5E402E8F23F611140083D5EF /* AppModel.swift */; };
		5E402E9423F616F60083D5EF /* ContentView.swift in Sources */ = {isa = PBXBuildFile; fileRef = 5E402E9323F616F60083D5EF /* ContentView.swift */; };
		5E8285CD23F88F940081828A /* AppCellView.swift in Sources */ = {isa = PBXBuildFile; fileRef = 5EFDCBBF23F720BD00B0D691 /* AppCellView.swift */; };
		5E8285CE23F88F980081828A /* AppIconView.swift in Sources */ = {isa = PBXBuildFile; fileRef = 5EFDCBB923F7206200B0D691 /* AppIconView.swift */; };
		5E8285CF23F88F9B0081828A /* RemoteImage.swift in Sources */ = {isa = PBXBuildFile; fileRef = 5EFDCBBB23F7208500B0D691 /* RemoteImage.swift */; };
		5E8285D023F8901F0081828A /* Mock.swift in Sources */ = {isa = PBXBuildFile; fileRef = 5EFDCBC123F720EA00B0D691 /* Mock.swift */; };
		5E8285D123F890290081828A /* RemoteImageService.swift in Sources */ = {isa = PBXBuildFile; fileRef = 5EFDCBC323F7226200B0D691 /* RemoteImageService.swift */; };
		5E8285D223F891010081828A /* Assets.xcassets in Resources */ = {isa = PBXBuildFile; fileRef = 5EBD891723F0BBF1008A5F5E /* Assets.xcassets */; };
		5E8285D423F967830081828A /* URL+Extension.swift in Sources */ = {isa = PBXBuildFile; fileRef = 5E8285D323F967830081828A /* URL+Extension.swift */; };
		5E8285D523F967B90081828A /* URL+Extension.swift in Sources */ = {isa = PBXBuildFile; fileRef = 5E8285D323F967830081828A /* URL+Extension.swift */; };
		5EBD416923F1D34D00BDFC62 /* Media.xcassets in Resources */ = {isa = PBXBuildFile; fileRef = 5EBD416823F1D34D00BDFC62 /* Media.xcassets */; };
		5EBD416B23F1D34D00BDFC62 /* ActionViewController.swift in Sources */ = {isa = PBXBuildFile; fileRef = 5EBD416A23F1D34D00BDFC62 /* ActionViewController.swift */; };
		5EBD417223F1D34D00BDFC62 /* Add to Wishlist.appex in Embed App Extensions */ = {isa = PBXBuildFile; fileRef = 5EBD416623F1D34D00BDFC62 /* Add to Wishlist.appex */; settings = {ATTRIBUTES = (RemoveHeadersOnCopy, ); }; };
		5EBD890F23F0BBEF008A5F5E /* AppDelegate.swift in Sources */ = {isa = PBXBuildFile; fileRef = 5EBD890E23F0BBEF008A5F5E /* AppDelegate.swift */; };
		5EBD891123F0BBEF008A5F5E /* SceneDelegate.swift in Sources */ = {isa = PBXBuildFile; fileRef = 5EBD891023F0BBEF008A5F5E /* SceneDelegate.swift */; };
		5EBD891423F0BBEF008A5F5E /* Wishlist.xcdatamodeld in Sources */ = {isa = PBXBuildFile; fileRef = 5EBD891223F0BBEF008A5F5E /* Wishlist.xcdatamodeld */; };
		5EBD891623F0BBEF008A5F5E /* HomePageView.swift in Sources */ = {isa = PBXBuildFile; fileRef = 5EBD891523F0BBEF008A5F5E /* HomePageView.swift */; };
		5EBD891823F0BBF1008A5F5E /* Assets.xcassets in Resources */ = {isa = PBXBuildFile; fileRef = 5EBD891723F0BBF1008A5F5E /* Assets.xcassets */; };
		5EBD891B23F0BBF1008A5F5E /* Preview Assets.xcassets in Resources */ = {isa = PBXBuildFile; fileRef = 5EBD891A23F0BBF1008A5F5E /* Preview Assets.xcassets */; };
		5EBD891E23F0BBF1008A5F5E /* LaunchScreen.storyboard in Resources */ = {isa = PBXBuildFile; fileRef = 5EBD891C23F0BBF1008A5F5E /* LaunchScreen.storyboard */; };
		5EBD892823F0BD43008A5F5E /* CloudKit.framework in Frameworks */ = {isa = PBXBuildFile; fileRef = 5EBD892723F0BD43008A5F5E /* CloudKit.framework */; };
		5EFD6D7F23F3253C00660F48 /* AppStoreService.swift in Sources */ = {isa = PBXBuildFile; fileRef = 5EFD6D7E23F3253C00660F48 /* AppStoreService.swift */; };
		5EFD6D8223F3256100660F48 /* String+Extension.swift in Sources */ = {isa = PBXBuildFile; fileRef = 5EFD6D8123F3256100660F48 /* String+Extension.swift */; };
		5EFD6D8623F3270700660F48 /* Model.swift in Sources */ = {isa = PBXBuildFile; fileRef = 5EFD6D8523F3270700660F48 /* Model.swift */; };
		5EFDCBB723F62F8500B0D691 /* ActivityIndicator.swift in Sources */ = {isa = PBXBuildFile; fileRef = 5EFDCBB623F62F8500B0D691 /* ActivityIndicator.swift */; };
		5EFDCBB823F6309000B0D691 /* ActivityIndicator.swift in Sources */ = {isa = PBXBuildFile; fileRef = 5EFDCBB623F62F8500B0D691 /* ActivityIndicator.swift */; };
		5EFDCBBA23F7206200B0D691 /* AppIconView.swift in Sources */ = {isa = PBXBuildFile; fileRef = 5EFDCBB923F7206200B0D691 /* AppIconView.swift */; };
		5EFDCBBC23F7208500B0D691 /* RemoteImage.swift in Sources */ = {isa = PBXBuildFile; fileRef = 5EFDCBBB23F7208500B0D691 /* RemoteImage.swift */; };
		5EFDCBC023F720BD00B0D691 /* AppCellView.swift in Sources */ = {isa = PBXBuildFile; fileRef = 5EFDCBBF23F720BD00B0D691 /* AppCellView.swift */; };
		5EFDCBC223F720EA00B0D691 /* Mock.swift in Sources */ = {isa = PBXBuildFile; fileRef = 5EFDCBC123F720EA00B0D691 /* Mock.swift */; };
		5EFDCBC423F7226200B0D691 /* RemoteImageService.swift in Sources */ = {isa = PBXBuildFile; fileRef = 5EFDCBC323F7226200B0D691 /* RemoteImageService.swift */; };
		5EFDCBC623F83B6500B0D691 /* PriceModel.swift in Sources */ = {isa = PBXBuildFile; fileRef = 5EFDCBC523F83B6500B0D691 /* PriceModel.swift */; };
		5EFDCBCA23F83BCC00B0D691 /* PriceModel.swift in Sources */ = {isa = PBXBuildFile; fileRef = 5EFDCBC523F83B6500B0D691 /* PriceModel.swift */; };
/* End PBXBuildFile section */

/* Begin PBXContainerItemProxy section */
		5EBD417023F1D34D00BDFC62 /* PBXContainerItemProxy */ = {
			isa = PBXContainerItemProxy;
			containerPortal = 5EBD890323F0BBEF008A5F5E /* Project object */;
			proxyType = 1;
			remoteGlobalIDString = 5EBD416523F1D34D00BDFC62;
			remoteInfo = AddAction;
		};
/* End PBXContainerItemProxy section */

/* Begin PBXCopyFilesBuildPhase section */
		5EBD417423F1D34D00BDFC62 /* Embed App Extensions */ = {
			isa = PBXCopyFilesBuildPhase;
			buildActionMask = 2147483647;
			dstPath = "";
			dstSubfolderSpec = 13;
			files = (
				5EBD417223F1D34D00BDFC62 /* Add to Wishlist.appex in Embed App Extensions */,
			);
			name = "Embed App Extensions";
			runOnlyForDeploymentPostprocessing = 0;
		};
/* End PBXCopyFilesBuildPhase section */

/* Begin PBXFileReference section */
		5E36B36423F9BEFC00016B25 /* CoreStack.swift */ = {isa = PBXFileReference; lastKnownFileType = sourcecode.swift; path = CoreStack.swift; sourceTree = "<group>"; };
		5E36B36823FA1EF200016B25 /* AppPageView.swift */ = {isa = PBXFileReference; lastKnownFileType = sourcecode.swift; path = AppPageView.swift; sourceTree = "<group>"; };
		5E402E8F23F611140083D5EF /* AppModel.swift */ = {isa = PBXFileReference; lastKnownFileType = sourcecode.swift; path = AppModel.swift; sourceTree = "<group>"; };
		5E402E9323F616F60083D5EF /* ContentView.swift */ = {isa = PBXFileReference; lastKnownFileType = sourcecode.swift; path = ContentView.swift; sourceTree = "<group>"; };
		5E8285D323F967830081828A /* URL+Extension.swift */ = {isa = PBXFileReference; lastKnownFileType = sourcecode.swift; path = "URL+Extension.swift"; sourceTree = "<group>"; };
		5EBD416623F1D34D00BDFC62 /* Add to Wishlist.appex */ = {isa = PBXFileReference; explicitFileType = "wrapper.app-extension"; includeInIndex = 0; path = "Add to Wishlist.appex"; sourceTree = BUILT_PRODUCTS_DIR; };
		5EBD416823F1D34D00BDFC62 /* Media.xcassets */ = {isa = PBXFileReference; lastKnownFileType = folder.assetcatalog; path = Media.xcassets; sourceTree = "<group>"; };
		5EBD416A23F1D34D00BDFC62 /* ActionViewController.swift */ = {isa = PBXFileReference; lastKnownFileType = sourcecode.swift; path = ActionViewController.swift; sourceTree = "<group>"; };
		5EBD416F23F1D34D00BDFC62 /* Info.plist */ = {isa = PBXFileReference; lastKnownFileType = text.plist.xml; path = Info.plist; sourceTree = "<group>"; };
		5EBD417323F1D34D00BDFC62 /* AddAction.entitlements */ = {isa = PBXFileReference; lastKnownFileType = text.plist.entitlements; path = AddAction.entitlements; sourceTree = "<group>"; };
		5EBD890B23F0BBEF008A5F5E /* Wishlist.app */ = {isa = PBXFileReference; explicitFileType = wrapper.application; includeInIndex = 0; path = Wishlist.app; sourceTree = BUILT_PRODUCTS_DIR; };
		5EBD890E23F0BBEF008A5F5E /* AppDelegate.swift */ = {isa = PBXFileReference; lastKnownFileType = sourcecode.swift; path = AppDelegate.swift; sourceTree = "<group>"; };
		5EBD891023F0BBEF008A5F5E /* SceneDelegate.swift */ = {isa = PBXFileReference; lastKnownFileType = sourcecode.swift; path = SceneDelegate.swift; sourceTree = "<group>"; };
		5EBD891323F0BBEF008A5F5E /* Wishlist.xcdatamodel */ = {isa = PBXFileReference; lastKnownFileType = wrapper.xcdatamodel; path = Wishlist.xcdatamodel; sourceTree = "<group>"; };
		5EBD891523F0BBEF008A5F5E /* HomePageView.swift */ = {isa = PBXFileReference; lastKnownFileType = sourcecode.swift; path = HomePageView.swift; sourceTree = "<group>"; };
		5EBD891723F0BBF1008A5F5E /* Assets.xcassets */ = {isa = PBXFileReference; lastKnownFileType = folder.assetcatalog; path = Assets.xcassets; sourceTree = "<group>"; };
		5EBD891A23F0BBF1008A5F5E /* Preview Assets.xcassets */ = {isa = PBXFileReference; lastKnownFileType = folder.assetcatalog; path = "Preview Assets.xcassets"; sourceTree = "<group>"; };
		5EBD891D23F0BBF1008A5F5E /* Base */ = {isa = PBXFileReference; lastKnownFileType = file.storyboard; name = Base; path = Base.lproj/LaunchScreen.storyboard; sourceTree = "<group>"; };
		5EBD891F23F0BBF1008A5F5E /* Info.plist */ = {isa = PBXFileReference; lastKnownFileType = text.plist.xml; path = Info.plist; sourceTree = "<group>"; };
		5EBD892523F0BD3B008A5F5E /* Wishlist.entitlements */ = {isa = PBXFileReference; lastKnownFileType = text.plist.entitlements; path = Wishlist.entitlements; sourceTree = "<group>"; };
		5EBD892723F0BD43008A5F5E /* CloudKit.framework */ = {isa = PBXFileReference; lastKnownFileType = wrapper.framework; name = CloudKit.framework; path = System/Library/Frameworks/CloudKit.framework; sourceTree = SDKROOT; };
		5EFD6D7E23F3253C00660F48 /* AppStoreService.swift */ = {isa = PBXFileReference; lastKnownFileType = sourcecode.swift; path = AppStoreService.swift; sourceTree = "<group>"; };
		5EFD6D8123F3256100660F48 /* String+Extension.swift */ = {isa = PBXFileReference; lastKnownFileType = sourcecode.swift; path = "String+Extension.swift"; sourceTree = "<group>"; };
		5EFD6D8523F3270700660F48 /* Model.swift */ = {isa = PBXFileReference; lastKnownFileType = sourcecode.swift; path = Model.swift; sourceTree = "<group>"; };
		5EFDCBB623F62F8500B0D691 /* ActivityIndicator.swift */ = {isa = PBXFileReference; lastKnownFileType = sourcecode.swift; path = ActivityIndicator.swift; sourceTree = "<group>"; };
		5EFDCBB923F7206200B0D691 /* AppIconView.swift */ = {isa = PBXFileReference; lastKnownFileType = sourcecode.swift; path = AppIconView.swift; sourceTree = "<group>"; };
		5EFDCBBB23F7208500B0D691 /* RemoteImage.swift */ = {isa = PBXFileReference; lastKnownFileType = sourcecode.swift; path = RemoteImage.swift; sourceTree = "<group>"; };
		5EFDCBBF23F720BD00B0D691 /* AppCellView.swift */ = {isa = PBXFileReference; lastKnownFileType = sourcecode.swift; path = AppCellView.swift; sourceTree = "<group>"; };
		5EFDCBC123F720EA00B0D691 /* Mock.swift */ = {isa = PBXFileReference; lastKnownFileType = sourcecode.swift; path = Mock.swift; sourceTree = "<group>"; };
		5EFDCBC323F7226200B0D691 /* RemoteImageService.swift */ = {isa = PBXFileReference; lastKnownFileType = sourcecode.swift; path = RemoteImageService.swift; sourceTree = "<group>"; };
		5EFDCBC523F83B6500B0D691 /* PriceModel.swift */ = {isa = PBXFileReference; lastKnownFileType = sourcecode.swift; path = PriceModel.swift; sourceTree = "<group>"; };
/* End PBXFileReference section */

/* Begin PBXFrameworksBuildPhase section */
		5EBD416323F1D34D00BDFC62 /* Frameworks */ = {
			isa = PBXFrameworksBuildPhase;
			buildActionMask = 2147483647;
			files = (
				5E36B36723FA140800016B25 /* CloudKit.framework in Frameworks */,
			);
			runOnlyForDeploymentPostprocessing = 0;
		};
		5EBD890823F0BBEF008A5F5E /* Frameworks */ = {
			isa = PBXFrameworksBuildPhase;
			buildActionMask = 2147483647;
			files = (
				5EBD892823F0BD43008A5F5E /* CloudKit.framework in Frameworks */,
			);
			runOnlyForDeploymentPostprocessing = 0;
		};
/* End PBXFrameworksBuildPhase section */

/* Begin PBXGroup section */
		5E402E9223F615750083D5EF /* View */ = {
			isa = PBXGroup;
			children = (
				5E8285CA23F887680081828A /* Page */,
				5EFDCBBE23F720A700B0D691 /* Cell */,
				5EFDCBB623F62F8500B0D691 /* ActivityIndicator.swift */,
				5EFDCBB923F7206200B0D691 /* AppIconView.swift */,
				5EFDCBBB23F7208500B0D691 /* RemoteImage.swift */,
			);
			path = View;
			sourceTree = "<group>";
		};
		5E8285CA23F887680081828A /* Page */ = {
			isa = PBXGroup;
			children = (
				5EBD891523F0BBEF008A5F5E /* HomePageView.swift */,
				5E36B36823FA1EF200016B25 /* AppPageView.swift */,
			);
			path = Page;
			sourceTree = "<group>";
		};
		5EBD416723F1D34D00BDFC62 /* AddAction */ = {
			isa = PBXGroup;
			children = (
				5EBD417323F1D34D00BDFC62 /* AddAction.entitlements */,
				5EBD416823F1D34D00BDFC62 /* Media.xcassets */,
				5EBD416A23F1D34D00BDFC62 /* ActionViewController.swift */,
				5EBD416F23F1D34D00BDFC62 /* Info.plist */,
				5E402E9323F616F60083D5EF /* ContentView.swift */,
			);
			path = AddAction;
			sourceTree = "<group>";
		};
		5EBD890223F0BBEF008A5F5E = {
			isa = PBXGroup;
			children = (
				5EBD890D23F0BBEF008A5F5E /* Wishlist */,
				5EBD416723F1D34D00BDFC62 /* AddAction */,
				5EBD890C23F0BBEF008A5F5E /* Products */,
				5EBD892623F0BD43008A5F5E /* Frameworks */,
			);
			sourceTree = "<group>";
		};
		5EBD890C23F0BBEF008A5F5E /* Products */ = {
			isa = PBXGroup;
			children = (
				5EBD890B23F0BBEF008A5F5E /* Wishlist.app */,
				5EBD416623F1D34D00BDFC62 /* Add to Wishlist.appex */,
			);
			name = Products;
			sourceTree = "<group>";
		};
		5EBD890D23F0BBEF008A5F5E /* Wishlist */ = {
			isa = PBXGroup;
			children = (
				5E402E9223F615750083D5EF /* View */,
				5EFD6D8023F3255500660F48 /* Extension */,
				5EFD6D7D23F3252D00660F48 /* Model */,
				5EFD6D7C23F3252700660F48 /* Service */,
				5EBD892523F0BD3B008A5F5E /* Wishlist.entitlements */,
				5EBD890E23F0BBEF008A5F5E /* AppDelegate.swift */,
				5EBD891023F0BBEF008A5F5E /* SceneDelegate.swift */,
				5EBD891723F0BBF1008A5F5E /* Assets.xcassets */,
				5EBD891C23F0BBF1008A5F5E /* LaunchScreen.storyboard */,
				5EBD891F23F0BBF1008A5F5E /* Info.plist */,
				5EBD891223F0BBEF008A5F5E /* Wishlist.xcdatamodeld */,
				5EBD891923F0BBF1008A5F5E /* Preview Content */,
			);
			path = Wishlist;
			sourceTree = "<group>";
		};
		5EBD891923F0BBF1008A5F5E /* Preview Content */ = {
			isa = PBXGroup;
			children = (
				5EBD891A23F0BBF1008A5F5E /* Preview Assets.xcassets */,
			);
			path = "Preview Content";
			sourceTree = "<group>";
		};
		5EBD892623F0BD43008A5F5E /* Frameworks */ = {
			isa = PBXGroup;
			children = (
				5EBD892723F0BD43008A5F5E /* CloudKit.framework */,
			);
			name = Frameworks;
			sourceTree = "<group>";
		};
		5EFD6D7C23F3252700660F48 /* Service */ = {
			isa = PBXGroup;
			children = (
				5EFD6D7E23F3253C00660F48 /* AppStoreService.swift */,
				5EFDCBC323F7226200B0D691 /* RemoteImageService.swift */,
			);
			path = Service;
			sourceTree = "<group>";
		};
		5EFD6D7D23F3252D00660F48 /* Model */ = {
			isa = PBXGroup;
			children = (
				5EFDCBC923F83B8600B0D691 /* Domain */,
				5E402E8F23F611140083D5EF /* AppModel.swift */,
				5EFDCBC523F83B6500B0D691 /* PriceModel.swift */,
			);
			path = Model;
			sourceTree = "<group>";
		};
		5EFD6D8023F3255500660F48 /* Extension */ = {
			isa = PBXGroup;
			children = (
				5EFD6D8123F3256100660F48 /* String+Extension.swift */,
				5E8285D323F967830081828A /* URL+Extension.swift */,
			);
			path = Extension;
			sourceTree = "<group>";
		};
		5EFDCBBE23F720A700B0D691 /* Cell */ = {
			isa = PBXGroup;
			children = (
				5EFDCBBF23F720BD00B0D691 /* AppCellView.swift */,
			);
			path = Cell;
			sourceTree = "<group>";
		};
		5EFDCBC923F83B8600B0D691 /* Domain */ = {
			isa = PBXGroup;
			children = (
				5EFD6D8523F3270700660F48 /* Model.swift */,
				5EFDCBC123F720EA00B0D691 /* Mock.swift */,
				5E36B36423F9BEFC00016B25 /* CoreStack.swift */,
			);
			path = Domain;
			sourceTree = "<group>";
		};
/* End PBXGroup section */

/* Begin PBXNativeTarget section */
		5EBD416523F1D34D00BDFC62 /* AddAction */ = {
			isa = PBXNativeTarget;
			buildConfigurationList = 5EBD417723F1D34D00BDFC62 /* Build configuration list for PBXNativeTarget "AddAction" */;
			buildPhases = (
				5EBD416223F1D34D00BDFC62 /* Sources */,
				5EBD416323F1D34D00BDFC62 /* Frameworks */,
				5EBD416423F1D34D00BDFC62 /* Resources */,
			);
			buildRules = (
			);
			dependencies = (
			);
			name = AddAction;
			productName = AddAction;
			productReference = 5EBD416623F1D34D00BDFC62 /* Add to Wishlist.appex */;
			productType = "com.apple.product-type.app-extension";
		};
		5EBD890A23F0BBEF008A5F5E /* Wishlist */ = {
			isa = PBXNativeTarget;
			buildConfigurationList = 5EBD892223F0BBF1008A5F5E /* Build configuration list for PBXNativeTarget "Wishlist" */;
			buildPhases = (
				5EBD890723F0BBEF008A5F5E /* Sources */,
				5EBD890823F0BBEF008A5F5E /* Frameworks */,
				5EBD890923F0BBEF008A5F5E /* Resources */,
				5EBD417423F1D34D00BDFC62 /* Embed App Extensions */,
			);
			buildRules = (
			);
			dependencies = (
				5EBD417123F1D34D00BDFC62 /* PBXTargetDependency */,
			);
			name = Wishlist;
			productName = Wishlist;
			productReference = 5EBD890B23F0BBEF008A5F5E /* Wishlist.app */;
			productType = "com.apple.product-type.application";
		};
/* End PBXNativeTarget section */

/* Begin PBXProject section */
		5EBD890323F0BBEF008A5F5E /* Project object */ = {
			isa = PBXProject;
			attributes = {
				LastSwiftUpdateCheck = 1140;
				LastUpgradeCheck = 1130;
				ORGANIZATIONNAME = Veevaz;
				TargetAttributes = {
					5EBD416523F1D34D00BDFC62 = {
						CreatedOnToolsVersion = 11.4;
					};
					5EBD890A23F0BBEF008A5F5E = {
						CreatedOnToolsVersion = 11.3;
					};
				};
			};
			buildConfigurationList = 5EBD890623F0BBEF008A5F5E /* Build configuration list for PBXProject "Wishlist" */;
			compatibilityVersion = "Xcode 9.3";
			developmentRegion = en;
			hasScannedForEncodings = 0;
			knownRegions = (
				en,
				Base,
			);
			mainGroup = 5EBD890223F0BBEF008A5F5E;
			productRefGroup = 5EBD890C23F0BBEF008A5F5E /* Products */;
			projectDirPath = "";
			projectRoot = "";
			targets = (
				5EBD890A23F0BBEF008A5F5E /* Wishlist */,
				5EBD416523F1D34D00BDFC62 /* AddAction */,
			);
		};
/* End PBXProject section */

/* Begin PBXResourcesBuildPhase section */
		5EBD416423F1D34D00BDFC62 /* Resources */ = {
			isa = PBXResourcesBuildPhase;
			buildActionMask = 2147483647;
			files = (
				5E8285D223F891010081828A /* Assets.xcassets in Resources */,
				5EBD416923F1D34D00BDFC62 /* Media.xcassets in Resources */,
			);
			runOnlyForDeploymentPostprocessing = 0;
		};
		5EBD890923F0BBEF008A5F5E /* Resources */ = {
			isa = PBXResourcesBuildPhase;
			buildActionMask = 2147483647;
			files = (
				5EBD891E23F0BBF1008A5F5E /* LaunchScreen.storyboard in Resources */,
				5EBD891B23F0BBF1008A5F5E /* Preview Assets.xcassets in Resources */,
				5EBD891823F0BBF1008A5F5E /* Assets.xcassets in Resources */,
			);
			runOnlyForDeploymentPostprocessing = 0;
		};
/* End PBXResourcesBuildPhase section */

/* Begin PBXSourcesBuildPhase section */
		5EBD416223F1D34D00BDFC62 /* Sources */ = {
			isa = PBXSourcesBuildPhase;
			buildActionMask = 2147483647;
			files = (
				5E038A8523F5D6B000C5EB5C /* Wishlist.xcdatamodeld in Sources */,
				5E038A8423F5D6A900C5EB5C /* String+Extension.swift in Sources */,
				5E36B36623F9BFC200016B25 /* CoreStack.swift in Sources */,
				5E8285CD23F88F940081828A /* AppCellView.swift in Sources */,
				5E402E9423F616F60083D5EF /* ContentView.swift in Sources */,
				5E8285CF23F88F9B0081828A /* RemoteImage.swift in Sources */,
				5E8285D523F967B90081828A /* URL+Extension.swift in Sources */,
				5EBD416B23F1D34D00BDFC62 /* ActionViewController.swift in Sources */,
				5EFDCBB823F6309000B0D691 /* ActivityIndicator.swift in Sources */,
				5E402E9123F6127D0083D5EF /* AppModel.swift in Sources */,
				5E038A8323F5D66800C5EB5C /* AppStoreService.swift in Sources */,
				5EFDCBCA23F83BCC00B0D691 /* PriceModel.swift in Sources */,
				5E8285CE23F88F980081828A /* AppIconView.swift in Sources */,
				5E8285D023F8901F0081828A /* Mock.swift in Sources */,
				5E8285D123F890290081828A /* RemoteImageService.swift in Sources */,
			);
			runOnlyForDeploymentPostprocessing = 0;
		};
		5EBD890723F0BBEF008A5F5E /* Sources */ = {
			isa = PBXSourcesBuildPhase;
			buildActionMask = 2147483647;
			files = (
				5EFD6D8623F3270700660F48 /* Model.swift in Sources */,
				5E36B36923FA1EF200016B25 /* AppPageView.swift in Sources */,
				5EFD6D8223F3256100660F48 /* String+Extension.swift in Sources */,
				5EBD891423F0BBEF008A5F5E /* Wishlist.xcdatamodeld in Sources */,
				5EFDCBC423F7226200B0D691 /* RemoteImageService.swift in Sources */,
				5E402E9023F611140083D5EF /* AppModel.swift in Sources */,
				5EFDCBBC23F7208500B0D691 /* RemoteImage.swift in Sources */,
				5EBD890F23F0BBEF008A5F5E /* AppDelegate.swift in Sources */,
				5E36B36523F9BEFC00016B25 /* CoreStack.swift in Sources */,
				5EBD891623F0BBEF008A5F5E /* HomePageView.swift in Sources */,
				5EBD891123F0BBEF008A5F5E /* SceneDelegate.swift in Sources */,
				5E8285D423F967830081828A /* URL+Extension.swift in Sources */,
				5EFDCBC023F720BD00B0D691 /* AppCellView.swift in Sources */,
				5EFDCBB723F62F8500B0D691 /* ActivityIndicator.swift in Sources */,
				5EFD6D7F23F3253C00660F48 /* AppStoreService.swift in Sources */,
				5EFDCBC223F720EA00B0D691 /* Mock.swift in Sources */,
				5EFDCBBA23F7206200B0D691 /* AppIconView.swift in Sources */,
				5EFDCBC623F83B6500B0D691 /* PriceModel.swift in Sources */,
			);
			runOnlyForDeploymentPostprocessing = 0;
		};
/* End PBXSourcesBuildPhase section */

/* Begin PBXTargetDependency section */
		5EBD417123F1D34D00BDFC62 /* PBXTargetDependency */ = {
			isa = PBXTargetDependency;
			target = 5EBD416523F1D34D00BDFC62 /* AddAction */;
			targetProxy = 5EBD417023F1D34D00BDFC62 /* PBXContainerItemProxy */;
		};
/* End PBXTargetDependency section */

/* Begin PBXVariantGroup section */
		5EBD891C23F0BBF1008A5F5E /* LaunchScreen.storyboard */ = {
			isa = PBXVariantGroup;
			children = (
				5EBD891D23F0BBF1008A5F5E /* Base */,
			);
			name = LaunchScreen.storyboard;
			sourceTree = "<group>";
		};
/* End PBXVariantGroup section */

/* Begin XCBuildConfiguration section */
		5EBD417523F1D34D00BDFC62 /* Debug */ = {
			isa = XCBuildConfiguration;
			buildSettings = {
				ASSETCATALOG_COMPILER_APPICON_NAME = AddActionIcon;
				CODE_SIGN_ENTITLEMENTS = AddAction/AddAction.entitlements;
				CODE_SIGN_STYLE = Automatic;
				DEVELOPMENT_TEAM = 6B563564C5;
				INFOPLIST_FILE = AddAction/Info.plist;
				IPHONEOS_DEPLOYMENT_TARGET = 13.0;
				LD_RUNPATH_SEARCH_PATHS = (
					"$(inherited)",
					"@executable_path/Frameworks",
					"@executable_path/../../Frameworks",
				);
				PRODUCT_BUNDLE_IDENTIFIER = com.veevaz.Wishlist.AddAction;
				PRODUCT_NAME = "Add to Wishlist";
				SKIP_INSTALL = YES;
				SUPPORTS_MACCATALYST = YES;
				SWIFT_VERSION = 5.0;
				TARGETED_DEVICE_FAMILY = "1,2";
			};
			name = Debug;
		};
		5EBD417623F1D34D00BDFC62 /* Release */ = {
			isa = XCBuildConfiguration;
			buildSettings = {
				ASSETCATALOG_COMPILER_APPICON_NAME = AddActionIcon;
				CODE_SIGN_ENTITLEMENTS = AddAction/AddAction.entitlements;
				CODE_SIGN_STYLE = Automatic;
				DEVELOPMENT_TEAM = 6B563564C5;
				INFOPLIST_FILE = AddAction/Info.plist;
				IPHONEOS_DEPLOYMENT_TARGET = 13.0;
				LD_RUNPATH_SEARCH_PATHS = (
					"$(inherited)",
					"@executable_path/Frameworks",
					"@executable_path/../../Frameworks",
				);
				PRODUCT_BUNDLE_IDENTIFIER = com.veevaz.Wishlist.AddAction;
				PRODUCT_NAME = "Add to Wishlist";
				SKIP_INSTALL = YES;
				SUPPORTS_MACCATALYST = YES;
				SWIFT_VERSION = 5.0;
				TARGETED_DEVICE_FAMILY = "1,2";
			};
			name = Release;
		};
		5EBD892023F0BBF1008A5F5E /* Debug */ = {
			isa = XCBuildConfiguration;
			buildSettings = {
				ALWAYS_SEARCH_USER_PATHS = NO;
				CLANG_ANALYZER_NONNULL = YES;
				CLANG_ANALYZER_NUMBER_OBJECT_CONVERSION = YES_AGGRESSIVE;
				CLANG_CXX_LANGUAGE_STANDARD = "gnu++14";
				CLANG_CXX_LIBRARY = "libc++";
				CLANG_ENABLE_MODULES = YES;
				CLANG_ENABLE_OBJC_ARC = YES;
				CLANG_ENABLE_OBJC_WEAK = YES;
				CLANG_WARN_BLOCK_CAPTURE_AUTORELEASING = YES;
				CLANG_WARN_BOOL_CONVERSION = YES;
				CLANG_WARN_COMMA = YES;
				CLANG_WARN_CONSTANT_CONVERSION = YES;
				CLANG_WARN_DEPRECATED_OBJC_IMPLEMENTATIONS = YES;
				CLANG_WARN_DIRECT_OBJC_ISA_USAGE = YES_ERROR;
				CLANG_WARN_DOCUMENTATION_COMMENTS = YES;
				CLANG_WARN_EMPTY_BODY = YES;
				CLANG_WARN_ENUM_CONVERSION = YES;
				CLANG_WARN_INFINITE_RECURSION = YES;
				CLANG_WARN_INT_CONVERSION = YES;
				CLANG_WARN_NON_LITERAL_NULL_CONVERSION = YES;
				CLANG_WARN_OBJC_IMPLICIT_RETAIN_SELF = YES;
				CLANG_WARN_OBJC_LITERAL_CONVERSION = YES;
				CLANG_WARN_OBJC_ROOT_CLASS = YES_ERROR;
				CLANG_WARN_RANGE_LOOP_ANALYSIS = YES;
				CLANG_WARN_STRICT_PROTOTYPES = YES;
				CLANG_WARN_SUSPICIOUS_MOVE = YES;
				CLANG_WARN_UNGUARDED_AVAILABILITY = YES_AGGRESSIVE;
				CLANG_WARN_UNREACHABLE_CODE = YES;
				CLANG_WARN__DUPLICATE_METHOD_MATCH = YES;
				COPY_PHASE_STRIP = NO;
				DEBUG_INFORMATION_FORMAT = dwarf;
				ENABLE_STRICT_OBJC_MSGSEND = YES;
				ENABLE_TESTABILITY = YES;
				GCC_C_LANGUAGE_STANDARD = gnu11;
				GCC_DYNAMIC_NO_PIC = NO;
				GCC_NO_COMMON_BLOCKS = YES;
				GCC_OPTIMIZATION_LEVEL = 0;
				GCC_PREPROCESSOR_DEFINITIONS = (
					"DEBUG=1",
					"$(inherited)",
				);
				GCC_WARN_64_TO_32_BIT_CONVERSION = YES;
				GCC_WARN_ABOUT_RETURN_TYPE = YES_ERROR;
				GCC_WARN_UNDECLARED_SELECTOR = YES;
				GCC_WARN_UNINITIALIZED_AUTOS = YES_AGGRESSIVE;
				GCC_WARN_UNUSED_FUNCTION = YES;
				GCC_WARN_UNUSED_VARIABLE = YES;
				IPHONEOS_DEPLOYMENT_TARGET = 13.2;
				MTL_ENABLE_DEBUG_INFO = INCLUDE_SOURCE;
				MTL_FAST_MATH = YES;
				ONLY_ACTIVE_ARCH = YES;
				SDKROOT = iphoneos;
				SWIFT_ACTIVE_COMPILATION_CONDITIONS = DEBUG;
				SWIFT_OPTIMIZATION_LEVEL = "-Onone";
			};
			name = Debug;
		};
		5EBD892123F0BBF1008A5F5E /* Release */ = {
			isa = XCBuildConfiguration;
			buildSettings = {
				ALWAYS_SEARCH_USER_PATHS = NO;
				CLANG_ANALYZER_NONNULL = YES;
				CLANG_ANALYZER_NUMBER_OBJECT_CONVERSION = YES_AGGRESSIVE;
				CLANG_CXX_LANGUAGE_STANDARD = "gnu++14";
				CLANG_CXX_LIBRARY = "libc++";
				CLANG_ENABLE_MODULES = YES;
				CLANG_ENABLE_OBJC_ARC = YES;
				CLANG_ENABLE_OBJC_WEAK = YES;
				CLANG_WARN_BLOCK_CAPTURE_AUTORELEASING = YES;
				CLANG_WARN_BOOL_CONVERSION = YES;
				CLANG_WARN_COMMA = YES;
				CLANG_WARN_CONSTANT_CONVERSION = YES;
				CLANG_WARN_DEPRECATED_OBJC_IMPLEMENTATIONS = YES;
				CLANG_WARN_DIRECT_OBJC_ISA_USAGE = YES_ERROR;
				CLANG_WARN_DOCUMENTATION_COMMENTS = YES;
				CLANG_WARN_EMPTY_BODY = YES;
				CLANG_WARN_ENUM_CONVERSION = YES;
				CLANG_WARN_INFINITE_RECURSION = YES;
				CLANG_WARN_INT_CONVERSION = YES;
				CLANG_WARN_NON_LITERAL_NULL_CONVERSION = YES;
				CLANG_WARN_OBJC_IMPLICIT_RETAIN_SELF = YES;
				CLANG_WARN_OBJC_LITERAL_CONVERSION = YES;
				CLANG_WARN_OBJC_ROOT_CLASS = YES_ERROR;
				CLANG_WARN_RANGE_LOOP_ANALYSIS = YES;
				CLANG_WARN_STRICT_PROTOTYPES = YES;
				CLANG_WARN_SUSPICIOUS_MOVE = YES;
				CLANG_WARN_UNGUARDED_AVAILABILITY = YES_AGGRESSIVE;
				CLANG_WARN_UNREACHABLE_CODE = YES;
				CLANG_WARN__DUPLICATE_METHOD_MATCH = YES;
				COPY_PHASE_STRIP = NO;
				DEBUG_INFORMATION_FORMAT = "dwarf-with-dsym";
				ENABLE_NS_ASSERTIONS = NO;
				ENABLE_STRICT_OBJC_MSGSEND = YES;
				GCC_C_LANGUAGE_STANDARD = gnu11;
				GCC_NO_COMMON_BLOCKS = YES;
				GCC_WARN_64_TO_32_BIT_CONVERSION = YES;
				GCC_WARN_ABOUT_RETURN_TYPE = YES_ERROR;
				GCC_WARN_UNDECLARED_SELECTOR = YES;
				GCC_WARN_UNINITIALIZED_AUTOS = YES_AGGRESSIVE;
				GCC_WARN_UNUSED_FUNCTION = YES;
				GCC_WARN_UNUSED_VARIABLE = YES;
				IPHONEOS_DEPLOYMENT_TARGET = 13.2;
				MTL_ENABLE_DEBUG_INFO = NO;
				MTL_FAST_MATH = YES;
				SDKROOT = iphoneos;
				SWIFT_COMPILATION_MODE = wholemodule;
				SWIFT_OPTIMIZATION_LEVEL = "-O";
				VALIDATE_PRODUCT = YES;
			};
			name = Release;
		};
		5EBD892323F0BBF1008A5F5E /* Debug */ = {
			isa = XCBuildConfiguration;
			buildSettings = {
				ALWAYS_EMBED_SWIFT_STANDARD_LIBRARIES = YES;
				ASSETCATALOG_COMPILER_APPICON_NAME = AppIcon;
				CODE_SIGN_ENTITLEMENTS = Wishlist/Wishlist.entitlements;
				CODE_SIGN_STYLE = Automatic;
				DEVELOPMENT_ASSET_PATHS = "\"Wishlist/Preview Content\"";
				DEVELOPMENT_TEAM = 6B563564C5;
				ENABLE_PREVIEWS = YES;
				INFOPLIST_FILE = Wishlist/Info.plist;
				IPHONEOS_DEPLOYMENT_TARGET = 13.0;
				LD_RUNPATH_SEARCH_PATHS = (
					"$(inherited)",
					"@executable_path/Frameworks",
				);
				PRODUCT_BUNDLE_IDENTIFIER = com.veevaz.Wishlist;
				PRODUCT_NAME = "$(TARGET_NAME)";
				SUPPORTS_MACCATALYST = YES;
				SWIFT_VERSION = 5.0;
				TARGETED_DEVICE_FAMILY = "1,2";
			};
			name = Debug;
		};
		5EBD892423F0BBF1008A5F5E /* Release */ = {
			isa = XCBuildConfiguration;
			buildSettings = {
				ALWAYS_EMBED_SWIFT_STANDARD_LIBRARIES = YES;
				ASSETCATALOG_COMPILER_APPICON_NAME = AppIcon;
				CODE_SIGN_ENTITLEMENTS = Wishlist/Wishlist.entitlements;
				CODE_SIGN_STYLE = Automatic;
				DEVELOPMENT_ASSET_PATHS = "\"Wishlist/Preview Content\"";
				DEVELOPMENT_TEAM = 6B563564C5;
				ENABLE_PREVIEWS = YES;
				INFOPLIST_FILE = Wishlist/Info.plist;
				IPHONEOS_DEPLOYMENT_TARGET = 13.0;
				LD_RUNPATH_SEARCH_PATHS = (
					"$(inherited)",
					"@executable_path/Frameworks",
				);
				PRODUCT_BUNDLE_IDENTIFIER = com.veevaz.Wishlist;
				PRODUCT_NAME = "$(TARGET_NAME)";
				SUPPORTS_MACCATALYST = YES;
				SWIFT_VERSION = 5.0;
				TARGETED_DEVICE_FAMILY = "1,2";
			};
			name = Release;
		};
/* End XCBuildConfiguration section */

/* Begin XCConfigurationList section */
		5EBD417723F1D34D00BDFC62 /* Build configuration list for PBXNativeTarget "AddAction" */ = {
			isa = XCConfigurationList;
			buildConfigurations = (
				5EBD417523F1D34D00BDFC62 /* Debug */,
				5EBD417623F1D34D00BDFC62 /* Release */,
			);
			defaultConfigurationIsVisible = 0;
			defaultConfigurationName = Release;
		};
		5EBD890623F0BBEF008A5F5E /* Build configuration list for PBXProject "Wishlist" */ = {
			isa = XCConfigurationList;
			buildConfigurations = (
				5EBD892023F0BBF1008A5F5E /* Debug */,
				5EBD892123F0BBF1008A5F5E /* Release */,
			);
			defaultConfigurationIsVisible = 0;
			defaultConfigurationName = Release;
		};
		5EBD892223F0BBF1008A5F5E /* Build configuration list for PBXNativeTarget "Wishlist" */ = {
			isa = XCConfigurationList;
			buildConfigurations = (
				5EBD892323F0BBF1008A5F5E /* Debug */,
				5EBD892423F0BBF1008A5F5E /* Release */,
			);
			defaultConfigurationIsVisible = 0;
			defaultConfigurationName = Release;
		};
/* End XCConfigurationList section */

/* Begin XCVersionGroup section */
		5EBD891223F0BBEF008A5F5E /* Wishlist.xcdatamodeld */ = {
			isa = XCVersionGroup;
			children = (
				5EBD891323F0BBEF008A5F5E /* Wishlist.xcdatamodel */,
			);
			currentVersion = 5EBD891323F0BBEF008A5F5E /* Wishlist.xcdatamodel */;
			path = Wishlist.xcdatamodeld;
			sourceTree = "<group>";
			versionGroupType = wrapper.xcdatamodel;
		};
/* End XCVersionGroup section */
	};
	rootObject = 5EBD890323F0BBEF008A5F5E /* Project object */;
}
