// !$*UTF8*$!
{
	archiveVersion = 1;
	classes = {
	};
	objectVersion = 50;
	objects = {

/* Begin PBXBuildFile section */
		5EBD890F23F0BBEF008A5F5E /* AppDelegate.swift in Sources */ = {isa = PBXBuildFile; fileRef = 5EBD890E23F0BBEF008A5F5E /* AppDelegate.swift */; };
		5EBD891123F0BBEF008A5F5E /* SceneDelegate.swift in Sources */ = {isa = PBXBuildFile; fileRef = 5EBD891023F0BBEF008A5F5E /* SceneDelegate.swift */; };
		5EBD891423F0BBEF008A5F5E /* Wishlist.xcdatamodeld in Sources */ = {isa = PBXBuildFile; fileRef = 5EBD891223F0BBEF008A5F5E /* Wishlist.xcdatamodeld */; };
		5EBD891623F0BBEF008A5F5E /* ContentView.swift in Sources */ = {isa = PBXBuildFile; fileRef = 5EBD891523F0BBEF008A5F5E /* ContentView.swift */; };
		5EBD891823F0BBF1008A5F5E /* Assets.xcassets in Resources */ = {isa = PBXBuildFile; fileRef = 5EBD891723F0BBF1008A5F5E /* Assets.xcassets */; };
		5EBD891B23F0BBF1008A5F5E /* Preview Assets.xcassets in Resources */ = {isa = PBXBuildFile; fileRef = 5EBD891A23F0BBF1008A5F5E /* Preview Assets.xcassets */; };
		5EBD891E23F0BBF1008A5F5E /* LaunchScreen.storyboard in Resources */ = {isa = PBXBuildFile; fileRef = 5EBD891C23F0BBF1008A5F5E /* LaunchScreen.storyboard */; };
		5EBD892823F0BD43008A5F5E /* CloudKit.framework in Frameworks */ = {isa = PBXBuildFile; fileRef = 5EBD892723F0BD43008A5F5E /* CloudKit.framework */; };
/* End PBXBuildFile section */

/* Begin PBXFileReference section */
		5EBD890B23F0BBEF008A5F5E /* Wishlist.app */ = {isa = PBXFileReference; explicitFileType = wrapper.application; includeInIndex = 0; path = Wishlist.app; sourceTree = BUILT_PRODUCTS_DIR; };
		5EBD890E23F0BBEF008A5F5E /* AppDelegate.swift */ = {isa = PBXFileReference; lastKnownFileType = sourcecode.swift; path = AppDelegate.swift; sourceTree = "<group>"; };
		5EBD891023F0BBEF008A5F5E /* SceneDelegate.swift */ = {isa = PBXFileReference; lastKnownFileType = sourcecode.swift; path = SceneDelegate.swift; sourceTree = "<group>"; };
		5EBD891323F0BBEF008A5F5E /* Wishlist.xcdatamodel */ = {isa = PBXFileReference; lastKnownFileType = wrapper.xcdatamodel; path = Wishlist.xcdatamodel; sourceTree = "<group>"; };
		5EBD891523F0BBEF008A5F5E /* ContentView.swift */ = {isa = PBXFileReference; lastKnownFileType = sourcecode.swift; path = ContentView.swift; sourceTree = "<group>"; };
		5EBD891723F0BBF1008A5F5E /* Assets.xcassets */ = {isa = PBXFileReference; lastKnownFileType = folder.assetcatalog; path = Assets.xcassets; sourceTree = "<group>"; };
		5EBD891A23F0BBF1008A5F5E /* Preview Assets.xcassets */ = {isa = PBXFileReference; lastKnownFileType = folder.assetcatalog; path = "Preview Assets.xcassets"; sourceTree = "<group>"; };
		5EBD891D23F0BBF1008A5F5E /* Base */ = {isa = PBXFileReference; lastKnownFileType = file.storyboard; name = Base; path = Base.lproj/LaunchScreen.storyboard; sourceTree = "<group>"; };
		5EBD891F23F0BBF1008A5F5E /* Info.plist */ = {isa = PBXFileReference; lastKnownFileType = text.plist.xml; path = Info.plist; sourceTree = "<group>"; };
		5EBD892523F0BD3B008A5F5E /* Wishlist.entitlements */ = {isa = PBXFileReference; lastKnownFileType = text.plist.entitlements; path = Wishlist.entitlements; sourceTree = "<group>"; };
		5EBD892723F0BD43008A5F5E /* CloudKit.framework */ = {isa = PBXFileReference; lastKnownFileType = wrapper.framework; name = CloudKit.framework; path = System/Library/Frameworks/CloudKit.framework; sourceTree = SDKROOT; };
/* End PBXFileReference section */

/* Begin PBXFrameworksBuildPhase section */
		5EBD890823F0BBEF008A5F5E /* Frameworks */ = {
			isa = PBXFrameworksBuildPhase;
			buildActionMask = 2147483647;
			files = (
				5EBD892823F0BD43008A5F5E /* CloudKit.framework in Frameworks */,
			);
			runOnlyForDeploymentPostprocessing = 0;
		};
/* End PBXFrameworksBuildPhase section */

/* Begin PBXGroup section */
		5EBD890223F0BBEF008A5F5E = {
			isa = PBXGroup;
			children = (
				5EBD890D23F0BBEF008A5F5E /* Wishlist */,
				5EBD890C23F0BBEF008A5F5E /* Products */,
				5EBD892623F0BD43008A5F5E /* Frameworks */,
			);
			sourceTree = "<group>";
		};
		5EBD890C23F0BBEF008A5F5E /* Products */ = {
			isa = PBXGroup;
			children = (
				5EBD890B23F0BBEF008A5F5E /* Wishlist.app */,
			);
			name = Products;
			sourceTree = "<group>";
		};
		5EBD890D23F0BBEF008A5F5E /* Wishlist */ = {
			isa = PBXGroup;
			children = (
				5EBD892523F0BD3B008A5F5E /* Wishlist.entitlements */,
				5EBD890E23F0BBEF008A5F5E /* AppDelegate.swift */,
				5EBD891023F0BBEF008A5F5E /* SceneDelegate.swift */,
				5EBD891523F0BBEF008A5F5E /* ContentView.swift */,
				5EBD891723F0BBF1008A5F5E /* Assets.xcassets */,
				5EBD891C23F0BBF1008A5F5E /* LaunchScreen.storyboard */,
				5EBD891F23F0BBF1008A5F5E /* Info.plist */,
				5EBD891223F0BBEF008A5F5E /* Wishlist.xcdatamodeld */,
				5EBD891923F0BBF1008A5F5E /* Preview Content */,
			);
			path = Wishlist;
			sourceTree = "<group>";
		};
		5EBD891923F0BBF1008A5F5E /* Preview Content */ = {
			isa = PBXGroup;
			children = (
				5EBD891A23F0BBF1008A5F5E /* Preview Assets.xcassets */,
			);
			path = "Preview Content";
			sourceTree = "<group>";
		};
		5EBD892623F0BD43008A5F5E /* Frameworks */ = {
			isa = PBXGroup;
			children = (
				5EBD892723F0BD43008A5F5E /* CloudKit.framework */,
			);
			name = Frameworks;
			sourceTree = "<group>";
		};
/* End PBXGroup section */

/* Begin PBXNativeTarget section */
		5EBD890A23F0BBEF008A5F5E /* Wishlist */ = {
			isa = PBXNativeTarget;
			buildConfigurationList = 5EBD892223F0BBF1008A5F5E /* Build configuration list for PBXNativeTarget "Wishlist" */;
			buildPhases = (
				5EBD890723F0BBEF008A5F5E /* Sources */,
				5EBD890823F0BBEF008A5F5E /* Frameworks */,
				5EBD890923F0BBEF008A5F5E /* Resources */,
			);
			buildRules = (
			);
			dependencies = (
			);
			name = Wishlist;
			productName = Wishlist;
			productReference = 5EBD890B23F0BBEF008A5F5E /* Wishlist.app */;
			productType = "com.apple.product-type.application";
		};
/* End PBXNativeTarget section */

/* Begin PBXProject section */
		5EBD890323F0BBEF008A5F5E /* Project object */ = {
			isa = PBXProject;
			attributes = {
				LastSwiftUpdateCheck = 1130;
				LastUpgradeCheck = 1130;
				ORGANIZATIONNAME = Veevaz;
				TargetAttributes = {
					5EBD890A23F0BBEF008A5F5E = {
						CreatedOnToolsVersion = 11.3;
					};
				};
			};
			buildConfigurationList = 5EBD890623F0BBEF008A5F5E /* Build configuration list for PBXProject "Wishlist" */;
			compatibilityVersion = "Xcode 9.3";
			developmentRegion = en;
			hasScannedForEncodings = 0;
			knownRegions = (
				en,
				Base,
			);
			mainGroup = 5EBD890223F0BBEF008A5F5E;
			productRefGroup = 5EBD890C23F0BBEF008A5F5E /* Products */;
			projectDirPath = "";
			projectRoot = "";
			targets = (
				5EBD890A23F0BBEF008A5F5E /* Wishlist */,
			);
		};
/* End PBXProject section */

/* Begin PBXResourcesBuildPhase section */
		5EBD890923F0BBEF008A5F5E /* Resources */ = {
			isa = PBXResourcesBuildPhase;
			buildActionMask = 2147483647;
			files = (
				5EBD891E23F0BBF1008A5F5E /* LaunchScreen.storyboard in Resources */,
				5EBD891B23F0BBF1008A5F5E /* Preview Assets.xcassets in Resources */,
				5EBD891823F0BBF1008A5F5E /* Assets.xcassets in Resources */,
			);
			runOnlyForDeploymentPostprocessing = 0;
		};
/* End PBXResourcesBuildPhase section */

/* Begin PBXSourcesBuildPhase section */
		5EBD890723F0BBEF008A5F5E /* Sources */ = {
			isa = PBXSourcesBuildPhase;
			buildActionMask = 2147483647;
			files = (
				5EBD891423F0BBEF008A5F5E /* Wishlist.xcdatamodeld in Sources */,
				5EBD890F23F0BBEF008A5F5E /* AppDelegate.swift in Sources */,
				5EBD891623F0BBEF008A5F5E /* ContentView.swift in Sources */,
				5EBD891123F0BBEF008A5F5E /* SceneDelegate.swift in Sources */,
			);
			runOnlyForDeploymentPostprocessing = 0;
		};
/* End PBXSourcesBuildPhase section */

/* Begin PBXVariantGroup section */
		5EBD891C23F0BBF1008A5F5E /* LaunchScreen.storyboard */ = {
			isa = PBXVariantGroup;
			children = (
				5EBD891D23F0BBF1008A5F5E /* Base */,
			);
			name = LaunchScreen.storyboard;
			sourceTree = "<group>";
		};
/* End PBXVariantGroup section */

/* Begin XCBuildConfiguration section */
		5EBD892023F0BBF1008A5F5E /* Debug */ = {
			isa = XCBuildConfiguration;
			buildSettings = {
				ALWAYS_SEARCH_USER_PATHS = NO;
				CLANG_ANALYZER_NONNULL = YES;
				CLANG_ANALYZER_NUMBER_OBJECT_CONVERSION = YES_AGGRESSIVE;
				CLANG_CXX_LANGUAGE_STANDARD = "gnu++14";
				CLANG_CXX_LIBRARY = "libc++";
				CLANG_ENABLE_MODULES = YES;
				CLANG_ENABLE_OBJC_ARC = YES;
				CLANG_ENABLE_OBJC_WEAK = YES;
				CLANG_WARN_BLOCK_CAPTURE_AUTORELEASING = YES;
				CLANG_WARN_BOOL_CONVERSION = YES;
				CLANG_WARN_COMMA = YES;
				CLANG_WARN_CONSTANT_CONVERSION = YES;
				CLANG_WARN_DEPRECATED_OBJC_IMPLEMENTATIONS = YES;
				CLANG_WARN_DIRECT_OBJC_ISA_USAGE = YES_ERROR;
				CLANG_WARN_DOCUMENTATION_COMMENTS = YES;
				CLANG_WARN_EMPTY_BODY = YES;
				CLANG_WARN_ENUM_CONVERSION = YES;
				CLANG_WARN_INFINITE_RECURSION = YES;
				CLANG_WARN_INT_CONVERSION = YES;
				CLANG_WARN_NON_LITERAL_NULL_CONVERSION = YES;
				CLANG_WARN_OBJC_IMPLICIT_RETAIN_SELF = YES;
				CLANG_WARN_OBJC_LITERAL_CONVERSION = YES;
				CLANG_WARN_OBJC_ROOT_CLASS = YES_ERROR;
				CLANG_WARN_RANGE_LOOP_ANALYSIS = YES;
				CLANG_WARN_STRICT_PROTOTYPES = YES;
				CLANG_WARN_SUSPICIOUS_MOVE = YES;
				CLANG_WARN_UNGUARDED_AVAILABILITY = YES_AGGRESSIVE;
				CLANG_WARN_UNREACHABLE_CODE = YES;
				CLANG_WARN__DUPLICATE_METHOD_MATCH = YES;
				COPY_PHASE_STRIP = NO;
				DEBUG_INFORMATION_FORMAT = dwarf;
				ENABLE_STRICT_OBJC_MSGSEND = YES;
				ENABLE_TESTABILITY = YES;
				GCC_C_LANGUAGE_STANDARD = gnu11;
				GCC_DYNAMIC_NO_PIC = NO;
				GCC_NO_COMMON_BLOCKS = YES;
				GCC_OPTIMIZATION_LEVEL = 0;
				GCC_PREPROCESSOR_DEFINITIONS = (
					"DEBUG=1",
					"$(inherited)",
				);
				GCC_WARN_64_TO_32_BIT_CONVERSION = YES;
				GCC_WARN_ABOUT_RETURN_TYPE = YES_ERROR;
				GCC_WARN_UNDECLARED_SELECTOR = YES;
				GCC_WARN_UNINITIALIZED_AUTOS = YES_AGGRESSIVE;
				GCC_WARN_UNUSED_FUNCTION = YES;
				GCC_WARN_UNUSED_VARIABLE = YES;
				IPHONEOS_DEPLOYMENT_TARGET = 13.2;
				MTL_ENABLE_DEBUG_INFO = INCLUDE_SOURCE;
				MTL_FAST_MATH = YES;
				ONLY_ACTIVE_ARCH = YES;
				SDKROOT = iphoneos;
				SWIFT_ACTIVE_COMPILATION_CONDITIONS = DEBUG;
				SWIFT_OPTIMIZATION_LEVEL = "-Onone";
			};
			name = Debug;
		};
		5EBD892123F0BBF1008A5F5E /* Release */ = {
			isa = XCBuildConfiguration;
			buildSettings = {
				ALWAYS_SEARCH_USER_PATHS = NO;
				CLANG_ANALYZER_NONNULL = YES;
				CLANG_ANALYZER_NUMBER_OBJECT_CONVERSION = YES_AGGRESSIVE;
				CLANG_CXX_LANGUAGE_STANDARD = "gnu++14";
				CLANG_CXX_LIBRARY = "libc++";
				CLANG_ENABLE_MODULES = YES;
				CLANG_ENABLE_OBJC_ARC = YES;
				CLANG_ENABLE_OBJC_WEAK = YES;
				CLANG_WARN_BLOCK_CAPTURE_AUTORELEASING = YES;
				CLANG_WARN_BOOL_CONVERSION = YES;
				CLANG_WARN_COMMA = YES;
				CLANG_WARN_CONSTANT_CONVERSION = YES;
				CLANG_WARN_DEPRECATED_OBJC_IMPLEMENTATIONS = YES;
				CLANG_WARN_DIRECT_OBJC_ISA_USAGE = YES_ERROR;
				CLANG_WARN_DOCUMENTATION_COMMENTS = YES;
				CLANG_WARN_EMPTY_BODY = YES;
				CLANG_WARN_ENUM_CONVERSION = YES;
				CLANG_WARN_INFINITE_RECURSION = YES;
				CLANG_WARN_INT_CONVERSION = YES;
				CLANG_WARN_NON_LITERAL_NULL_CONVERSION = YES;
				CLANG_WARN_OBJC_IMPLICIT_RETAIN_SELF = YES;
				CLANG_WARN_OBJC_LITERAL_CONVERSION = YES;
				CLANG_WARN_OBJC_ROOT_CLASS = YES_ERROR;
				CLANG_WARN_RANGE_LOOP_ANALYSIS = YES;
				CLANG_WARN_STRICT_PROTOTYPES = YES;
				CLANG_WARN_SUSPICIOUS_MOVE = YES;
				CLANG_WARN_UNGUARDED_AVAILABILITY = YES_AGGRESSIVE;
				CLANG_WARN_UNREACHABLE_CODE = YES;
				CLANG_WARN__DUPLICATE_METHOD_MATCH = YES;
				COPY_PHASE_STRIP = NO;
				DEBUG_INFORMATION_FORMAT = "dwarf-with-dsym";
				ENABLE_NS_ASSERTIONS = NO;
				ENABLE_STRICT_OBJC_MSGSEND = YES;
				GCC_C_LANGUAGE_STANDARD = gnu11;
				GCC_NO_COMMON_BLOCKS = YES;
				GCC_WARN_64_TO_32_BIT_CONVERSION = YES;
				GCC_WARN_ABOUT_RETURN_TYPE = YES_ERROR;
				GCC_WARN_UNDECLARED_SELECTOR = YES;
				GCC_WARN_UNINITIALIZED_AUTOS = YES_AGGRESSIVE;
				GCC_WARN_UNUSED_FUNCTION = YES;
				GCC_WARN_UNUSED_VARIABLE = YES;
				IPHONEOS_DEPLOYMENT_TARGET = 13.2;
				MTL_ENABLE_DEBUG_INFO = NO;
				MTL_FAST_MATH = YES;
				SDKROOT = iphoneos;
				SWIFT_COMPILATION_MODE = wholemodule;
				SWIFT_OPTIMIZATION_LEVEL = "-O";
				VALIDATE_PRODUCT = YES;
			};
			name = Release;
		};
		5EBD892323F0BBF1008A5F5E /* Debug */ = {
			isa = XCBuildConfiguration;
			buildSettings = {
				ASSETCATALOG_COMPILER_APPICON_NAME = AppIcon;
				CODE_SIGN_ENTITLEMENTS = Wishlist/Wishlist.entitlements;
				CODE_SIGN_STYLE = Automatic;
				DEVELOPMENT_ASSET_PATHS = "\"Wishlist/Preview Content\"";
				DEVELOPMENT_TEAM = 6B563564C5;
				ENABLE_PREVIEWS = YES;
				INFOPLIST_FILE = Wishlist/Info.plist;
				LD_RUNPATH_SEARCH_PATHS = (
					"$(inherited)",
					"@executable_path/Frameworks",
				);
				PRODUCT_BUNDLE_IDENTIFIER = com.veevaz.Wishlist;
				PRODUCT_NAME = "$(TARGET_NAME)";
				SWIFT_VERSION = 5.0;
				TARGETED_DEVICE_FAMILY = "1,2";
			};
			name = Debug;
		};
		5EBD892423F0BBF1008A5F5E /* Release */ = {
			isa = XCBuildConfiguration;
			buildSettings = {
				ASSETCATALOG_COMPILER_APPICON_NAME = AppIcon;
				CODE_SIGN_ENTITLEMENTS = Wishlist/Wishlist.entitlements;
				CODE_SIGN_STYLE = Automatic;
				DEVELOPMENT_ASSET_PATHS = "\"Wishlist/Preview Content\"";
				DEVELOPMENT_TEAM = 6B563564C5;
				ENABLE_PREVIEWS = YES;
				INFOPLIST_FILE = Wishlist/Info.plist;
				LD_RUNPATH_SEARCH_PATHS = (
					"$(inherited)",
					"@executable_path/Frameworks",
				);
				PRODUCT_BUNDLE_IDENTIFIER = com.veevaz.Wishlist;
				PRODUCT_NAME = "$(TARGET_NAME)";
				SWIFT_VERSION = 5.0;
				TARGETED_DEVICE_FAMILY = "1,2";
			};
			name = Release;
		};
/* End XCBuildConfiguration section */

/* Begin XCConfigurationList section */
		5EBD890623F0BBEF008A5F5E /* Build configuration list for PBXProject "Wishlist" */ = {
			isa = XCConfigurationList;
			buildConfigurations = (
				5EBD892023F0BBF1008A5F5E /* Debug */,
				5EBD892123F0BBF1008A5F5E /* Release */,
			);
			defaultConfigurationIsVisible = 0;
			defaultConfigurationName = Release;
		};
		5EBD892223F0BBF1008A5F5E /* Build configuration list for PBXNativeTarget "Wishlist" */ = {
			isa = XCConfigurationList;
			buildConfigurations = (
				5EBD892323F0BBF1008A5F5E /* Debug */,
				5EBD892423F0BBF1008A5F5E /* Release */,
			);
			defaultConfigurationIsVisible = 0;
			defaultConfigurationName = Release;
		};
/* End XCConfigurationList section */

/* Begin XCVersionGroup section */
		5EBD891223F0BBEF008A5F5E /* Wishlist.xcdatamodeld */ = {
			isa = XCVersionGroup;
			children = (
				5EBD891323F0BBEF008A5F5E /* Wishlist.xcdatamodel */,
			);
			currentVersion = 5EBD891323F0BBEF008A5F5E /* Wishlist.xcdatamodel */;
			path = Wishlist.xcdatamodeld;
			sourceTree = "<group>";
			versionGroupType = wrapper.xcdatamodel;
		};
/* End XCVersionGroup section */
	};
	rootObject = 5EBD890323F0BBEF008A5F5E /* Project object */;
}
